
Microsoft Visual Studio Solution File, Format Version 12.00
# Visual Studio 15
VisualStudioVersion = 15.0.26730.3
MinimumVisualStudioVersion = 10.0.40219.1
Project("{FAE04EC0-301F-11D3-BF4B-00C04F79EFBC}") = "Game1", "Game1\Game1.csproj", "{CD6D81C5-C53C-4325-A184-07584CEB1747}"
EndProject
Global
	GlobalSection(SolutionConfigurationPlatforms) = preSolution
		Debug|ARM = Debug|ARM
		Debug|x64 = Debug|x64
		Debug|x86 = Debug|x86
		Release|ARM = Release|ARM
		Release|x64 = Release|x64
		Release|x86 = Release|x86
	EndGlobalSection
	GlobalSection(ProjectConfigurationPlatforms) = postSolution
		{CD6D81C5-C53C-4325-A184-07584CEB1747}.Debug|ARM.ActiveCfg = Debug|ARM
		{CD6D81C5-C53C-4325-A184-07584CEB1747}.Debug|ARM.Build.0 = Debug|ARM
		{CD6D81C5-C53C-4325-A184-07584CEB1747}.Debug|ARM.Deploy.0 = Debug|ARM
		{CD6D81C5-C53C-4325-A184-07584CEB1747}.Debug|x64.ActiveCfg = Debug|x64
		{CD6D81C5-C53C-4325-A184-07584CEB1747}.Debug|x64.Build.0 = Debug|x64
		{CD6D81C5-C53C-4325-A184-07584CEB1747}.Debug|x64.Deploy.0 = Debug|x64
		{CD6D81C5-C53C-4325-A184-07584CEB1747}.Debug|x86.ActiveCfg = Debug|x86
		{CD6D81C5-C53C-4325-A184-07584CEB1747}.Debug|x86.Build.0 = Debug|x86
		{CD6D81C5-C53C-4325-A184-07584CEB1747}.Debug|x86.Deploy.0 = Debug|x86
		{CD6D81C5-C53C-4325-A184-07584CEB1747}.Release|ARM.ActiveCfg = Release|ARM
		{CD6D81C5-C53C-4325-A184-07584CEB1747}.Release|ARM.Build.0 = Release|ARM
		{CD6D81C5-C53C-4325-A184-07584CEB1747}.Release|ARM.Deploy.0 = Release|ARM
		{CD6D81C5-C53C-4325-A184-07584CEB1747}.Release|x64.ActiveCfg = Release|x64
		{CD6D81C5-C53C-4325-A184-07584CEB1747}.Release|x64.Build.0 = Release|x64
		{CD6D81C5-C53C-4325-A184-07584CEB1747}.Release|x64.Deploy.0 = Release|x64
		{CD6D81C5-C53C-4325-A184-07584CEB1747}.Release|x86.ActiveCfg = Release|x86
		{CD6D81C5-C53C-4325-A184-07584CEB1747}.Release|x86.Build.0 = Release|x86
		{CD6D81C5-C53C-4325-A184-07584CEB1747}.Release|x86.Deploy.0 = Release|x86
	EndGlobalSection
	GlobalSection(SolutionProperties) = preSolution
		HideSolutionNode = FALSE
	EndGlobalSection
	GlobalSection(ExtensibilityGlobals) = postSolution
		SolutionGuid = {A700A1E6-5BB1-4253-868C-F25CD237AABD}
	EndGlobalSection
EndGlobal
